
Microsoft Visual Studio Solution File, Format Version 12.00
# Visual Studio 2012
Project("{FAE04EC0-301F-11D3-BF4B-00C04F79EFBC}") = "WINCC_WaveDraw", "WINCC_WaveDraw\WINCC_WaveDraw.csproj", "{58D74E13-0C75-44C5-964C-9B2547D49A68}"
EndProject
Global
	GlobalSection(SolutionConfigurationPlatforms) = preSolution
		Debug|Any CPU = Debug|Any CPU
		Release|Any CPU = Release|Any CPU
	EndGlobalSection
	GlobalSection(ProjectConfigurationPlatforms) = postSolution
		{58D74E13-0C75-44C5-964C-9B2547D49A68}.Debug|Any CPU.ActiveCfg = Debug|Any CPU
		{58D74E13-0C75-44C5-964C-9B2547D49A68}.Debug|Any CPU.Build.0 = Debug|Any CPU
		{58D74E13-0C75-44C5-964C-9B2547D49A68}.Release|Any CPU.ActiveCfg = Release|Any CPU
		{58D74E13-0C75-44C5-964C-9B2547D49A68}.Release|Any CPU.Build.0 = Release|Any CPU
	EndGlobalSection
	GlobalSection(SolutionProperties) = preSolution
		HideSolutionNode = FALSE
	EndGlobalSection
EndGlobal
